
Microsoft Visual Studio Solution File, Format Version 12.00
Project("{FAE04EC0-301F-11D3-BF4B-00C04F79EFBC}") = "GoogleSignInPlugin", "GoogleSignInPlugin\GoogleSignInPlugin.csproj", "{B46A9612-60A0-4209-8B47-CD5B797C1C41}"
EndProject
Global
	GlobalSection(SolutionConfigurationPlatforms) = preSolution
		Debug|Any CPU = Debug|Any CPU
		Release|Any CPU = Release|Any CPU
	EndGlobalSection
	GlobalSection(ProjectConfigurationPlatforms) = postSolution
		{B46A9612-60A0-4209-8B47-CD5B797C1C41}.Debug|Any CPU.ActiveCfg = Debug|Any CPU
		{B46A9612-60A0-4209-8B47-CD5B797C1C41}.Debug|Any CPU.Build.0 = Debug|Any CPU
		{B46A9612-60A0-4209-8B47-CD5B797C1C41}.Release|Any CPU.ActiveCfg = Release|Any CPU
		{B46A9612-60A0-4209-8B47-CD5B797C1C41}.Release|Any CPU.Build.0 = Release|Any CPU
	EndGlobalSection
EndGlobal
